// !$*UTF8*$!
{
	archiveVersion = 1;
	classes = {
	};
	objectVersion = 46;
	objects = {

/* Begin PBXBuildFile section */
		E91A121317DDFCA100B1F66F /* RandomisedAccess.cpp in Sources */ = {isa = PBXBuildFile; fileRef = E91A121117DDFCA100B1F66F /* RandomisedAccess.cpp */; };
		E91A122017DE3C6300B1F66F /* Options.cpp in Sources */ = {isa = PBXBuildFile; fileRef = E91A121E17DE3C6300B1F66F /* Options.cpp */; };
		E91A122317DE59AE00B1F66F /* MessageLogger.cpp in Sources */ = {isa = PBXBuildFile; fileRef = E91A122117DE59AE00B1F66F /* MessageLogger.cpp */; };
		E91D0AB81847D2C8003E030C /* SequenceFileLoaderTests.cpp in Sources */ = {isa = PBXBuildFile; fileRef = E91D0AB61847D2C8003E030C /* SequenceFileLoaderTests.cpp */; };
		E940C8EB18AD482000DB38D6 /* HashComputationTests.cpp in Sources */ = {isa = PBXBuildFile; fileRef = E940C8E618AD482000DB38D6 /* HashComputationTests.cpp */; };
		E940C8EC18AD482000DB38D6 /* main.cpp in Sources */ = {isa = PBXBuildFile; fileRef = E940C8E818AD482000DB38D6 /* main.cpp */; };
		E940C8ED18AD482000DB38D6 /* NeighbourFinderTests.cpp in Sources */ = {isa = PBXBuildFile; fileRef = E940C8E918AD482000DB38D6 /* NeighbourFinderTests.cpp */; };
		E940C8EE18AD484900DB38D6 /* Sequence.cpp in Sources */ = {isa = PBXBuildFile; fileRef = E9C3031F17DCF0C300E67695 /* Sequence.cpp */; };
		E940C8EF18AD484F00DB38D6 /* RandomisedAccess.cpp in Sources */ = {isa = PBXBuildFile; fileRef = E91A121117DDFCA100B1F66F /* RandomisedAccess.cpp */; };
		E940C8F018AD485200DB38D6 /* Options.cpp in Sources */ = {isa = PBXBuildFile; fileRef = E91A121E17DE3C6300B1F66F /* Options.cpp */; };
		E940C8F118AD485600DB38D6 /* SequenceFileLoader.cpp in Sources */ = {isa = PBXBuildFile; fileRef = E99B8C4617DF96C0003A5D60 /* SequenceFileLoader.cpp */; };
		E940C8F318AD485C00DB38D6 /* KmerOccurrence.cpp in Sources */ = {isa = PBXBuildFile; fileRef = E99B8C4D17E4A0DA003A5D60 /* KmerOccurrence.cpp */; };
		E940C8F418AD486100DB38D6 /* HashComputation.cpp in Sources */ = {isa = PBXBuildFile; fileRef = E9A2AAAE17E62686005875B7 /* HashComputation.cpp */; };
		E940C8F618AD487800DB38D6 /* MessageLogger.cpp in Sources */ = {isa = PBXBuildFile; fileRef = E91A122117DE59AE00B1F66F /* MessageLogger.cpp */; };
		E94359FD196308B4009E07C8 /* Poisson.cpp in Sources */ = {isa = PBXBuildFile; fileRef = E94359FC196308B4009E07C8 /* Poisson.cpp */; };
		E94359FE196308B4009E07C8 /* Poisson.cpp in Sources */ = {isa = PBXBuildFile; fileRef = E94359FC196308B4009E07C8 /* Poisson.cpp */; };
		E94359FF196308B4009E07C8 /* Poisson.cpp in Sources */ = {isa = PBXBuildFile; fileRef = E94359FC196308B4009E07C8 /* Poisson.cpp */; };
		E9435A0219630AFE009E07C8 /* PoissonTests.cpp in Sources */ = {isa = PBXBuildFile; fileRef = E9435A0119630AFE009E07C8 /* PoissonTests.cpp */; };
		E97192DF184A30E600F46801 /* DynamicArrayTests.cpp in Sources */ = {isa = PBXBuildFile; fileRef = E97192DD184A30E600F46801 /* DynamicArrayTests.cpp */; };
		E97192E3184A8DD200F46801 /* HashKmerOccTableTests.cpp in Sources */ = {isa = PBXBuildFile; fileRef = E97192E1184A8DD200F46801 /* HashKmerOccTableTests.cpp */; };
		E978C801184CA5F4009A6523 /* KmerOccurrenceTests.cpp in Sources */ = {isa = PBXBuildFile; fileRef = E978C7FF184CA5F4009A6523 /* KmerOccurrenceTests.cpp */; };
		E99B8C4817DF96C0003A5D60 /* SequenceFileLoader.cpp in Sources */ = {isa = PBXBuildFile; fileRef = E99B8C4617DF96C0003A5D60 /* SequenceFileLoader.cpp */; };
		E99B8C4F17E4A0DA003A5D60 /* KmerOccurrence.cpp in Sources */ = {isa = PBXBuildFile; fileRef = E99B8C4D17E4A0DA003A5D60 /* KmerOccurrence.cpp */; };
		E9A2AAB017E62686005875B7 /* HashComputation.cpp in Sources */ = {isa = PBXBuildFile; fileRef = E9A2AAAE17E62686005875B7 /* HashComputation.cpp */; };
		E9B90B80184285DF00A80974 /* SequenceTests.cpp in Sources */ = {isa = PBXBuildFile; fileRef = E9B90B7E184285DF00A80974 /* SequenceTests.cpp */; };
		E9B90B81184286C700A80974 /* Sequence.cpp in Sources */ = {isa = PBXBuildFile; fileRef = E9C3031F17DCF0C300E67695 /* Sequence.cpp */; };
		E9B90B841842D17700A80974 /* RandomisedAccessTests.cpp in Sources */ = {isa = PBXBuildFile; fileRef = E9B90B821842D17700A80974 /* RandomisedAccessTests.cpp */; };
		E9B90B851842D3F000A80974 /* RandomisedAccess.cpp in Sources */ = {isa = PBXBuildFile; fileRef = E91A121117DDFCA100B1F66F /* RandomisedAccess.cpp */; };
		E9B90B861842D41100A80974 /* SequenceFileLoader.cpp in Sources */ = {isa = PBXBuildFile; fileRef = E99B8C4617DF96C0003A5D60 /* SequenceFileLoader.cpp */; };
		E9B90B871842D41700A80974 /* KmerOccurrence.cpp in Sources */ = {isa = PBXBuildFile; fileRef = E99B8C4D17E4A0DA003A5D60 /* KmerOccurrence.cpp */; };
		E9B90B881842D41E00A80974 /* HashComputation.cpp in Sources */ = {isa = PBXBuildFile; fileRef = E9A2AAAE17E62686005875B7 /* HashComputation.cpp */; };
		E9C3031317DCE21100E67695 /* main.cpp in Sources */ = {isa = PBXBuildFile; fileRef = E9C3031217DCE21100E67695 /* main.cpp */; };
		E9C3032117DCF0C300E67695 /* Sequence.cpp in Sources */ = {isa = PBXBuildFile; fileRef = E9C3031F17DCF0C300E67695 /* Sequence.cpp */; };
		E9C353E418C4B6FB00655495 /* Tools.cpp in Sources */ = {isa = PBXBuildFile; fileRef = E9C353E218C4B6FB00655495 /* Tools.cpp */; };
		E9C353E518C4B6FB00655495 /* Tools.cpp in Sources */ = {isa = PBXBuildFile; fileRef = E9C353E218C4B6FB00655495 /* Tools.cpp */; };
		E9C353E618C4B6FB00655495 /* Tools.cpp in Sources */ = {isa = PBXBuildFile; fileRef = E9C353E218C4B6FB00655495 /* Tools.cpp */; };
		E9C7ACCC18B53B2C00482A8E /* ConfMatrixEstimator.cpp in Sources */ = {isa = PBXBuildFile; fileRef = E9C7ACCA18B53B2C00482A8E /* ConfMatrixEstimator.cpp */; };
		E9C7ACCD18B53B2C00482A8E /* ConfMatrixEstimator.cpp in Sources */ = {isa = PBXBuildFile; fileRef = E9C7ACCA18B53B2C00482A8E /* ConfMatrixEstimator.cpp */; };
		E9C7ACCE18B53B2C00482A8E /* ConfMatrixEstimator.cpp in Sources */ = {isa = PBXBuildFile; fileRef = E9C7ACCA18B53B2C00482A8E /* ConfMatrixEstimator.cpp */; };
		E9C7ACD218B546F400482A8E /* HistogramComputationTests.cpp in Sources */ = {isa = PBXBuildFile; fileRef = E9C7ACD018B546F400482A8E /* HistogramComputationTests.cpp */; };
		E9C7ACD318B546F400482A8E /* HistogramComputationTests.cpp in Sources */ = {isa = PBXBuildFile; fileRef = E9C7ACD018B546F400482A8E /* HistogramComputationTests.cpp */; };
		E9CCE15A18E1C5A80094D597 /* FastqSave.cpp in Sources */ = {isa = PBXBuildFile; fileRef = E9CCE15818E1C5A80094D597 /* FastqSave.cpp */; };
		E9CCE15B18E1C5A80094D597 /* FastqSave.cpp in Sources */ = {isa = PBXBuildFile; fileRef = E9CCE15818E1C5A80094D597 /* FastqSave.cpp */; };
		E9CCE15C18E1C5A80094D597 /* FastqSave.cpp in Sources */ = {isa = PBXBuildFile; fileRef = E9CCE15818E1C5A80094D597 /* FastqSave.cpp */; };
		E9CFEC1D18B36CFE008F60C7 /* HistogramComputation.cpp in Sources */ = {isa = PBXBuildFile; fileRef = E9CFEC1B18B36CFE008F60C7 /* HistogramComputation.cpp */; };
		E9CFEC1E18B36CFE008F60C7 /* HistogramComputation.cpp in Sources */ = {isa = PBXBuildFile; fileRef = E9CFEC1B18B36CFE008F60C7 /* HistogramComputation.cpp */; };
		E9CFEC1F18B36CFE008F60C7 /* HistogramComputation.cpp in Sources */ = {isa = PBXBuildFile; fileRef = E9CFEC1B18B36CFE008F60C7 /* HistogramComputation.cpp */; };
		E9D845B718CCEF3E0058D167 /* ToolsTests.cpp in Sources */ = {isa = PBXBuildFile; fileRef = E9D845B518CCEF3E0058D167 /* ToolsTests.cpp */; };
		E9E0C0F0183EBBB700572EC2 /* main.cpp in Sources */ = {isa = PBXBuildFile; fileRef = E9E0C0EF183EBBB700572EC2 /* main.cpp */; };
		E9E0C0F8183EC07A00572EC2 /* OptionsTests.cpp in Sources */ = {isa = PBXBuildFile; fileRef = E9E0C0F6183EC07A00572EC2 /* OptionsTests.cpp */; };
		E9E0C0F9183ED22C00572EC2 /* Options.cpp in Sources */ = {isa = PBXBuildFile; fileRef = E91A121E17DE3C6300B1F66F /* Options.cpp */; };
		E9E0C0FA183ED27000572EC2 /* MessageLogger.cpp in Sources */ = {isa = PBXBuildFile; fileRef = E91A122117DE59AE00B1F66F /* MessageLogger.cpp */; };
		E9E7938C18AA2FAC00E86090 /* NeighbourTableTests.cpp in Sources */ = {isa = PBXBuildFile; fileRef = E9E7938A18AA2FAC00E86090 /* NeighbourTableTests.cpp */; };
		E9F1291B18DDBF3B00F30FFB /* NeighbourFinder.cpp in Sources */ = {isa = PBXBuildFile; fileRef = E9F1291918DDBF3B00F30FFB /* NeighbourFinder.cpp */; };
		E9F1291C18DDBF3B00F30FFB /* NeighbourFinder.cpp in Sources */ = {isa = PBXBuildFile; fileRef = E9F1291918DDBF3B00F30FFB /* NeighbourFinder.cpp */; };
		E9F1291D18DDBF3B00F30FFB /* NeighbourFinder.cpp in Sources */ = {isa = PBXBuildFile; fileRef = E9F1291918DDBF3B00F30FFB /* NeighbourFinder.cpp */; };
		E9F1292018DF529200F30FFB /* SequenceRepair.cpp in Sources */ = {isa = PBXBuildFile; fileRef = E9F1291E18DF529200F30FFB /* SequenceRepair.cpp */; };
		E9F1292118DF529200F30FFB /* SequenceRepair.cpp in Sources */ = {isa = PBXBuildFile; fileRef = E9F1291E18DF529200F30FFB /* SequenceRepair.cpp */; };
		E9F1292218DF529200F30FFB /* SequenceRepair.cpp in Sources */ = {isa = PBXBuildFile; fileRef = E9F1291E18DF529200F30FFB /* SequenceRepair.cpp */; };
/* End PBXBuildFile section */

/* Begin PBXCopyFilesBuildPhase section */
		E940C8DB18AD47DC00DB38D6 /* CopyFiles */ = {
			isa = PBXCopyFilesBuildPhase;
			buildActionMask = 2147483647;
			dstPath = /usr/share/man/man1/;
			dstSubfolderSpec = 0;
			files = (
			);
			runOnlyForDeploymentPostprocessing = 1;
		};
		E9C3030D17DCE21000E67695 /* CopyFiles */ = {
			isa = PBXCopyFilesBuildPhase;
			buildActionMask = 2147483647;
			dstPath = /usr/share/man/man1/;
			dstSubfolderSpec = 0;
			files = (
			);
			runOnlyForDeploymentPostprocessing = 1;
		};
		E9E0C0EB183EBBB700572EC2 /* CopyFiles */ = {
			isa = PBXCopyFilesBuildPhase;
			buildActionMask = 2147483647;
			dstPath = /usr/share/man/man1/;
			dstSubfolderSpec = 0;
			files = (
			);
			runOnlyForDeploymentPostprocessing = 1;
		};
/* End PBXCopyFilesBuildPhase section */

/* Begin PBXFileReference section */
		E91A121117DDFCA100B1F66F /* RandomisedAccess.cpp */ = {isa = PBXFileReference; fileEncoding = 4; lastKnownFileType = sourcecode.cpp.cpp; path = RandomisedAccess.cpp; sourceTree = "<group>"; };
		E91A121217DDFCA100B1F66F /* RandomisedAccess.hpp */ = {isa = PBXFileReference; fileEncoding = 4; lastKnownFileType = sourcecode.cpp.h; path = RandomisedAccess.hpp; sourceTree = "<group>"; };
		E91A121717DE1E5E00B1F66F /* debug.hpp */ = {isa = PBXFileReference; lastKnownFileType = sourcecode.cpp.h; path = debug.hpp; sourceTree = "<group>"; };
		E91A121E17DE3C6300B1F66F /* Options.cpp */ = {isa = PBXFileReference; fileEncoding = 4; lastKnownFileType = sourcecode.cpp.cpp; path = Options.cpp; sourceTree = "<group>"; };
		E91A121F17DE3C6300B1F66F /* Options.hpp */ = {isa = PBXFileReference; fileEncoding = 4; lastKnownFileType = sourcecode.cpp.h; path = Options.hpp; sourceTree = "<group>"; };
		E91A122117DE59AE00B1F66F /* MessageLogger.cpp */ = {isa = PBXFileReference; fileEncoding = 4; lastKnownFileType = sourcecode.cpp.cpp; path = MessageLogger.cpp; sourceTree = "<group>"; };
		E91A122217DE59AE00B1F66F /* MessageLogger.hpp */ = {isa = PBXFileReference; fileEncoding = 4; lastKnownFileType = sourcecode.cpp.h; path = MessageLogger.hpp; sourceTree = "<group>"; };
		E91D0AB61847D2C8003E030C /* SequenceFileLoaderTests.cpp */ = {isa = PBXFileReference; fileEncoding = 4; lastKnownFileType = sourcecode.cpp.cpp; path = SequenceFileLoaderTests.cpp; sourceTree = "<group>"; };
		E91D0AB71847D2C8003E030C /* SequenceFileLoaderTests.hpp */ = {isa = PBXFileReference; fileEncoding = 4; lastKnownFileType = sourcecode.cpp.h; path = SequenceFileLoaderTests.hpp; sourceTree = "<group>"; };
		E92CE09E17E5A03000093A2D /* Params.hpp */ = {isa = PBXFileReference; lastKnownFileType = sourcecode.cpp.h; path = Params.hpp; sourceTree = "<group>"; };
		E92CE0A017E5BFBF00093A2D /* DynamicArray.hpp */ = {isa = PBXFileReference; lastKnownFileType = sourcecode.cpp.h; path = DynamicArray.hpp; sourceTree = "<group>"; };
		E937C21917ECCF7300F45E41 /* NeighbourOccurrence.hpp */ = {isa = PBXFileReference; fileEncoding = 4; lastKnownFileType = sourcecode.cpp.h; path = NeighbourOccurrence.hpp; sourceTree = "<group>"; };
		E937C21C17ECFD3A00F45E41 /* NeighbourTable.hpp */ = {isa = PBXFileReference; fileEncoding = 4; lastKnownFileType = sourcecode.cpp.h; path = NeighbourTable.hpp; sourceTree = "<group>"; };
		E940C8DD18AD47DC00DB38D6 /* TestSuite-Intensive */ = {isa = PBXFileReference; explicitFileType = "compiled.mach-o.executable"; includeInIndex = 0; path = "TestSuite-Intensive"; sourceTree = BUILT_PRODUCTS_DIR; };
		E940C8E618AD482000DB38D6 /* HashComputationTests.cpp */ = {isa = PBXFileReference; fileEncoding = 4; lastKnownFileType = sourcecode.cpp.cpp; path = HashComputationTests.cpp; sourceTree = "<group>"; };
		E940C8E718AD482000DB38D6 /* HashComputationTests.hpp */ = {isa = PBXFileReference; fileEncoding = 4; lastKnownFileType = sourcecode.cpp.h; path = HashComputationTests.hpp; sourceTree = "<group>"; };
		E940C8E818AD482000DB38D6 /* main.cpp */ = {isa = PBXFileReference; fileEncoding = 4; lastKnownFileType = sourcecode.cpp.cpp; path = main.cpp; sourceTree = "<group>"; };
		E940C8E918AD482000DB38D6 /* NeighbourFinderTests.cpp */ = {isa = PBXFileReference; fileEncoding = 4; lastKnownFileType = sourcecode.cpp.cpp; path = NeighbourFinderTests.cpp; sourceTree = "<group>"; };
		E940C8EA18AD482000DB38D6 /* NeighbourFinderTests.hpp */ = {isa = PBXFileReference; fileEncoding = 4; lastKnownFileType = sourcecode.cpp.h; path = NeighbourFinderTests.hpp; sourceTree = "<group>"; };
		E94359FB196308A7009E07C8 /* Poisson.hpp */ = {isa = PBXFileReference; fileEncoding = 4; lastKnownFileType = sourcecode.cpp.h; path = Poisson.hpp; sourceTree = "<group>"; };
		E94359FC196308B4009E07C8 /* Poisson.cpp */ = {isa = PBXFileReference; fileEncoding = 4; lastKnownFileType = sourcecode.cpp.cpp; path = Poisson.cpp; sourceTree = "<group>"; };
		E9435A0019630AEA009E07C8 /* PoissonTests.hpp */ = {isa = PBXFileReference; fileEncoding = 4; lastKnownFileType = sourcecode.cpp.h; path = PoissonTests.hpp; sourceTree = "<group>"; };
		E9435A0119630AFE009E07C8 /* PoissonTests.cpp */ = {isa = PBXFileReference; fileEncoding = 4; lastKnownFileType = sourcecode.cpp.cpp; path = PoissonTests.cpp; sourceTree = "<group>"; };
		E962102F18BA73140033C184 /* ParameterSelection.hpp */ = {isa = PBXFileReference; fileEncoding = 4; lastKnownFileType = sourcecode.cpp.h; path = ParameterSelection.hpp; sourceTree = "<group>"; };
		E9679E201882AADC0003C97C /* GlobalSettings.hpp */ = {isa = PBXFileReference; fileEncoding = 4; lastKnownFileType = sourcecode.cpp.h; path = GlobalSettings.hpp; sourceTree = "<group>"; };
		E97192DD184A30E600F46801 /* DynamicArrayTests.cpp */ = {isa = PBXFileReference; fileEncoding = 4; lastKnownFileType = sourcecode.cpp.cpp; path = DynamicArrayTests.cpp; sourceTree = "<group>"; };
		E97192DE184A30E600F46801 /* DynamicArrayTests.hpp */ = {isa = PBXFileReference; fileEncoding = 4; lastKnownFileType = sourcecode.cpp.h; path = DynamicArrayTests.hpp; sourceTree = "<group>"; };
		E97192E1184A8DD200F46801 /* HashKmerOccTableTests.cpp */ = {isa = PBXFileReference; fileEncoding = 4; lastKnownFileType = sourcecode.cpp.cpp; path = HashKmerOccTableTests.cpp; sourceTree = "<group>"; };
		E97192E2184A8DD200F46801 /* HashKmerOccTableTests.hpp */ = {isa = PBXFileReference; fileEncoding = 4; lastKnownFileType = sourcecode.cpp.h; path = HashKmerOccTableTests.hpp; sourceTree = "<group>"; };
		E978C7FF184CA5F4009A6523 /* KmerOccurrenceTests.cpp */ = {isa = PBXFileReference; fileEncoding = 4; lastKnownFileType = sourcecode.cpp.cpp; path = KmerOccurrenceTests.cpp; sourceTree = "<group>"; };
		E978C800184CA5F4009A6523 /* KmerOccurrenceTests.hpp */ = {isa = PBXFileReference; fileEncoding = 4; lastKnownFileType = sourcecode.cpp.h; path = KmerOccurrenceTests.hpp; sourceTree = "<group>"; };
		E99B8C4617DF96C0003A5D60 /* SequenceFileLoader.cpp */ = {isa = PBXFileReference; fileEncoding = 4; lastKnownFileType = sourcecode.cpp.cpp; path = SequenceFileLoader.cpp; sourceTree = "<group>"; };
		E99B8C4717DF96C0003A5D60 /* SequenceFileLoader.hpp */ = {isa = PBXFileReference; fileEncoding = 4; lastKnownFileType = sourcecode.cpp.h; path = SequenceFileLoader.hpp; sourceTree = "<group>"; };
		E99B8C4D17E4A0DA003A5D60 /* KmerOccurrence.cpp */ = {isa = PBXFileReference; fileEncoding = 4; lastKnownFileType = sourcecode.cpp.cpp; path = KmerOccurrence.cpp; sourceTree = "<group>"; };
		E99B8C4E17E4A0DA003A5D60 /* KmerOccurrence.hpp */ = {isa = PBXFileReference; fileEncoding = 4; lastKnownFileType = sourcecode.cpp.h; path = KmerOccurrence.hpp; sourceTree = "<group>"; };
		E99B8C5117E4A29B003A5D60 /* HashKmerOccTable.hpp */ = {isa = PBXFileReference; fileEncoding = 4; lastKnownFileType = sourcecode.cpp.h; path = HashKmerOccTable.hpp; sourceTree = "<group>"; };
		E99B8C5317E4ADE8003A5D60 /* Preprocessing.hpp */ = {isa = PBXFileReference; lastKnownFileType = sourcecode.cpp.h; path = Preprocessing.hpp; sourceTree = "<group>"; };
		E99B8C5417E4BACA003A5D60 /* Hashing.hpp */ = {isa = PBXFileReference; lastKnownFileType = sourcecode.cpp.h; path = Hashing.hpp; sourceTree = "<group>"; };
		E99B8C5617E4BE9A003A5D60 /* ErrorCorrection.hpp */ = {isa = PBXFileReference; lastKnownFileType = sourcecode.cpp.h; path = ErrorCorrection.hpp; sourceTree = "<group>"; };
		E9A2AAAE17E62686005875B7 /* HashComputation.cpp */ = {isa = PBXFileReference; fileEncoding = 4; lastKnownFileType = sourcecode.cpp.cpp; path = HashComputation.cpp; sourceTree = "<group>"; };
		E9A2AAAF17E62686005875B7 /* HashComputation.hpp */ = {isa = PBXFileReference; fileEncoding = 4; lastKnownFileType = sourcecode.cpp.h; path = HashComputation.hpp; sourceTree = "<group>"; };
		E9B90B7E184285DF00A80974 /* SequenceTests.cpp */ = {isa = PBXFileReference; fileEncoding = 4; lastKnownFileType = sourcecode.cpp.cpp; path = SequenceTests.cpp; sourceTree = "<group>"; };
		E9B90B7F184285DF00A80974 /* SequenceTests.hpp */ = {isa = PBXFileReference; fileEncoding = 4; lastKnownFileType = sourcecode.cpp.h; path = SequenceTests.hpp; sourceTree = "<group>"; };
		E9B90B821842D17700A80974 /* RandomisedAccessTests.cpp */ = {isa = PBXFileReference; fileEncoding = 4; lastKnownFileType = sourcecode.cpp.cpp; path = RandomisedAccessTests.cpp; sourceTree = "<group>"; };
		E9B90B831842D17700A80974 /* RandomisedAccessTests.hpp */ = {isa = PBXFileReference; fileEncoding = 4; lastKnownFileType = sourcecode.cpp.h; path = RandomisedAccessTests.hpp; sourceTree = "<group>"; };
		E9C3030F17DCE21000E67695 /* Echo */ = {isa = PBXFileReference; explicitFileType = "compiled.mach-o.executable"; includeInIndex = 0; path = Echo; sourceTree = BUILT_PRODUCTS_DIR; };
		E9C3031217DCE21100E67695 /* main.cpp */ = {isa = PBXFileReference; lastKnownFileType = sourcecode.cpp.cpp; path = main.cpp; sourceTree = "<group>"; };
		E9C3031F17DCF0C300E67695 /* Sequence.cpp */ = {isa = PBXFileReference; fileEncoding = 4; lastKnownFileType = sourcecode.cpp.cpp; path = Sequence.cpp; sourceTree = "<group>"; };
		E9C3032017DCF0C300E67695 /* Sequence.hpp */ = {isa = PBXFileReference; fileEncoding = 4; lastKnownFileType = sourcecode.cpp.h; path = Sequence.hpp; sourceTree = "<group>"; };
		E9C353E218C4B6FB00655495 /* Tools.cpp */ = {isa = PBXFileReference; fileEncoding = 4; lastKnownFileType = sourcecode.cpp.cpp; path = Tools.cpp; sourceTree = "<group>"; };
		E9C353E318C4B6FB00655495 /* Tools.hpp */ = {isa = PBXFileReference; fileEncoding = 4; lastKnownFileType = sourcecode.cpp.h; path = Tools.hpp; sourceTree = "<group>"; };
		E9C7ACCA18B53B2C00482A8E /* ConfMatrixEstimator.cpp */ = {isa = PBXFileReference; fileEncoding = 4; lastKnownFileType = sourcecode.cpp.cpp; path = ConfMatrixEstimator.cpp; sourceTree = "<group>"; };
		E9C7ACCB18B53B2C00482A8E /* ConfMatrixEstimator.hpp */ = {isa = PBXFileReference; fileEncoding = 4; lastKnownFileType = sourcecode.cpp.h; path = ConfMatrixEstimator.hpp; sourceTree = "<group>"; };
		E9C7ACD018B546F400482A8E /* HistogramComputationTests.cpp */ = {isa = PBXFileReference; fileEncoding = 4; lastKnownFileType = sourcecode.cpp.cpp; path = HistogramComputationTests.cpp; sourceTree = "<group>"; };
		E9C7ACD118B546F400482A8E /* HistogramComputationTests.hpp */ = {isa = PBXFileReference; fileEncoding = 4; lastKnownFileType = sourcecode.cpp.h; path = HistogramComputationTests.hpp; sourceTree = "<group>"; };
		E9CCE15818E1C5A80094D597 /* FastqSave.cpp */ = {isa = PBXFileReference; fileEncoding = 4; lastKnownFileType = sourcecode.cpp.cpp; path = FastqSave.cpp; sourceTree = "<group>"; };
		E9CCE15918E1C5A80094D597 /* FastqSave.hpp */ = {isa = PBXFileReference; fileEncoding = 4; lastKnownFileType = sourcecode.cpp.h; path = FastqSave.hpp; sourceTree = "<group>"; };
		E9CFEC1B18B36CFE008F60C7 /* HistogramComputation.cpp */ = {isa = PBXFileReference; fileEncoding = 4; lastKnownFileType = sourcecode.cpp.cpp; path = HistogramComputation.cpp; sourceTree = "<group>"; };
		E9CFEC1C18B36CFE008F60C7 /* HistogramComputation.hpp */ = {isa = PBXFileReference; fileEncoding = 4; lastKnownFileType = sourcecode.cpp.h; path = HistogramComputation.hpp; sourceTree = "<group>"; };
		E9D845B518CCEF3E0058D167 /* ToolsTests.cpp */ = {isa = PBXFileReference; fileEncoding = 4; lastKnownFileType = sourcecode.cpp.cpp; path = ToolsTests.cpp; sourceTree = "<group>"; };
		E9D845B618CCEF3E0058D167 /* ToolsTests.hpp */ = {isa = PBXFileReference; fileEncoding = 4; lastKnownFileType = sourcecode.cpp.h; path = ToolsTests.hpp; sourceTree = "<group>"; };
		E9E0C0ED183EBBB700572EC2 /* TestSuite */ = {isa = PBXFileReference; explicitFileType = "compiled.mach-o.executable"; includeInIndex = 0; path = TestSuite; sourceTree = BUILT_PRODUCTS_DIR; };
		E9E0C0EF183EBBB700572EC2 /* main.cpp */ = {isa = PBXFileReference; lastKnownFileType = sourcecode.cpp.cpp; path = main.cpp; sourceTree = "<group>"; };
		E9E0C0F6183EC07A00572EC2 /* OptionsTests.cpp */ = {isa = PBXFileReference; fileEncoding = 4; lastKnownFileType = sourcecode.cpp.cpp; path = OptionsTests.cpp; sourceTree = "<group>"; };
		E9E0C0F7183EC07A00572EC2 /* OptionsTests.hpp */ = {isa = PBXFileReference; fileEncoding = 4; lastKnownFileType = sourcecode.cpp.h; path = OptionsTests.hpp; sourceTree = "<group>"; };
		E9E7938A18AA2FAC00E86090 /* NeighbourTableTests.cpp */ = {isa = PBXFileReference; fileEncoding = 4; lastKnownFileType = sourcecode.cpp.cpp; path = NeighbourTableTests.cpp; sourceTree = "<group>"; };
		E9E7938B18AA2FAC00E86090 /* NeighbourTableTests.hpp */ = {isa = PBXFileReference; fileEncoding = 4; lastKnownFileType = sourcecode.cpp.h; path = NeighbourTableTests.hpp; sourceTree = "<group>"; };
		E9E7938D18AA7C0B00E86090 /* Mutex.hpp */ = {isa = PBXFileReference; fileEncoding = 4; lastKnownFileType = sourcecode.cpp.h; path = Mutex.hpp; sourceTree = "<group>"; };
		E9F1291918DDBF3B00F30FFB /* NeighbourFinder.cpp */ = {isa = PBXFileReference; fileEncoding = 4; lastKnownFileType = sourcecode.cpp.cpp; path = NeighbourFinder.cpp; sourceTree = "<group>"; };
		E9F1291A18DDBF3B00F30FFB /* NeighbourFinder.hpp */ = {isa = PBXFileReference; fileEncoding = 4; lastKnownFileType = sourcecode.cpp.h; path = NeighbourFinder.hpp; sourceTree = "<group>"; };
		E9F1291E18DF529200F30FFB /* SequenceRepair.cpp */ = {isa = PBXFileReference; fileEncoding = 4; lastKnownFileType = sourcecode.cpp.cpp; path = SequenceRepair.cpp; sourceTree = "<group>"; };
		E9F1291F18DF529200F30FFB /* SequenceRepair.hpp */ = {isa = PBXFileReference; fileEncoding = 4; lastKnownFileType = sourcecode.cpp.h; path = SequenceRepair.hpp; sourceTree = "<group>"; };
/* End PBXFileReference section */

/* Begin PBXFrameworksBuildPhase section */
		E940C8DA18AD47DC00DB38D6 /* Frameworks */ = {
			isa = PBXFrameworksBuildPhase;
			buildActionMask = 2147483647;
			files = (
			);
			runOnlyForDeploymentPostprocessing = 0;
		};
		E9C3030C17DCE21000E67695 /* Frameworks */ = {
			isa = PBXFrameworksBuildPhase;
			buildActionMask = 2147483647;
			files = (
			);
			runOnlyForDeploymentPostprocessing = 0;
		};
		E9E0C0EA183EBBB700572EC2 /* Frameworks */ = {
			isa = PBXFrameworksBuildPhase;
			buildActionMask = 2147483647;
			files = (
			);
			runOnlyForDeploymentPostprocessing = 0;
		};
/* End PBXFrameworksBuildPhase section */

/* Begin PBXGroup section */
		E91D0AB51847D25E003E030C /* Preprocessing */ = {
			isa = PBXGroup;
			children = (
				E9B90B7F184285DF00A80974 /* SequenceTests.hpp */,
				E9B90B7E184285DF00A80974 /* SequenceTests.cpp */,
				E9B90B831842D17700A80974 /* RandomisedAccessTests.hpp */,
				E9B90B821842D17700A80974 /* RandomisedAccessTests.cpp */,
				E9E0C0F7183EC07A00572EC2 /* OptionsTests.hpp */,
				E9E0C0F6183EC07A00572EC2 /* OptionsTests.cpp */,
				E91D0AB71847D2C8003E030C /* SequenceFileLoaderTests.hpp */,
				E91D0AB61847D2C8003E030C /* SequenceFileLoaderTests.cpp */,
			);
			name = Preprocessing;
			sourceTree = "<group>";
		};
		E92CE09F17E5BF8900093A2D /* Other */ = {
			isa = PBXGroup;
			children = (
				E91A121717DE1E5E00B1F66F /* debug.hpp */,
				E91A122217DE59AE00B1F66F /* MessageLogger.hpp */,
				E91A122117DE59AE00B1F66F /* MessageLogger.cpp */,
				E92CE0A017E5BFBF00093A2D /* DynamicArray.hpp */,
				E9E7938D18AA7C0B00E86090 /* Mutex.hpp */,
				E9C353E318C4B6FB00655495 /* Tools.hpp */,
				E9C353E218C4B6FB00655495 /* Tools.cpp */,
				E9CCE15918E1C5A80094D597 /* FastqSave.hpp */,
				E9CCE15818E1C5A80094D597 /* FastqSave.cpp */,
			);
			name = Other;
			sourceTree = "<group>";
		};
		E937C21717ECCF1100F45E41 /* Neighbours */ = {
			isa = PBXGroup;
			children = (
				E937C21917ECCF7300F45E41 /* NeighbourOccurrence.hpp */,
				E937C21C17ECFD3A00F45E41 /* NeighbourTable.hpp */,
				E9F1291A18DDBF3B00F30FFB /* NeighbourFinder.hpp */,
				E9F1291918DDBF3B00F30FFB /* NeighbourFinder.cpp */,
			);
			name = Neighbours;
			sourceTree = "<group>";
		};
		E940C8DE18AD47DC00DB38D6 /* TestSuite-Intensive */ = {
			isa = PBXGroup;
			children = (
				E940C8E818AD482000DB38D6 /* main.cpp */,
				E940C8E718AD482000DB38D6 /* HashComputationTests.hpp */,
				E940C8E618AD482000DB38D6 /* HashComputationTests.cpp */,
				E940C8EA18AD482000DB38D6 /* NeighbourFinderTests.hpp */,
				E940C8E918AD482000DB38D6 /* NeighbourFinderTests.cpp */,
			);
			name = "TestSuite-Intensive";
			path = "../TestSuite-Intensive";
			sourceTree = SOURCE_ROOT;
		};
		E97192DC184A265500F46801 /* Other */ = {
			isa = PBXGroup;
			children = (
				E97192DE184A30E600F46801 /* DynamicArrayTests.hpp */,
				E97192DD184A30E600F46801 /* DynamicArrayTests.cpp */,
			);
			name = Other;
			sourceTree = "<group>";
		};
		E97192E0184A8D9C00F46801 /* Hashing */ = {
			isa = PBXGroup;
			children = (
				E978C800184CA5F4009A6523 /* KmerOccurrenceTests.hpp */,
				E978C7FF184CA5F4009A6523 /* KmerOccurrenceTests.cpp */,
				E97192E2184A8DD200F46801 /* HashKmerOccTableTests.hpp */,
				E97192E1184A8DD200F46801 /* HashKmerOccTableTests.cpp */,
			);
			name = Hashing;
			sourceTree = "<group>";
		};
		E9C3030617DCE21000E67695 = {
			isa = PBXGroup;
			children = (
				E9C3031117DCE21100E67695 /* Echo */,
				E9E0C0EE183EBBB700572EC2 /* TestSuite */,
				E940C8DE18AD47DC00DB38D6 /* TestSuite-Intensive */,
				E9C3031017DCE21000E67695 /* Products */,
			);
			sourceTree = "<group>";
		};
		E9C3031017DCE21000E67695 /* Products */ = {
			isa = PBXGroup;
			children = (
				E9C3030F17DCE21000E67695 /* Echo */,
				E9E0C0ED183EBBB700572EC2 /* TestSuite */,
				E940C8DD18AD47DC00DB38D6 /* TestSuite-Intensive */,
			);
			name = Products;
			sourceTree = "<group>";
		};
		E9C3031117DCE21100E67695 /* Echo */ = {
			isa = PBXGroup;
			children = (
				E9C3031B17DCE22E00E67695 /* Preprocessing */,
				E9C3031C17DCE25B00E67695 /* Hashing */,
				E9C3031D17DCE26500E67695 /* Parameter selection */,
				E9C3031E17DCE27400E67695 /* Error correction */,
				E937C21717ECCF1100F45E41 /* Neighbours */,
				E92CE09F17E5BF8900093A2D /* Other */,
				E9C3031217DCE21100E67695 /* main.cpp */,
				E9679E201882AADC0003C97C /* GlobalSettings.hpp */,
			);
			name = Echo;
			path = ../Echo;
			sourceTree = SOURCE_ROOT;
		};
		E9C3031B17DCE22E00E67695 /* Preprocessing */ = {
			isa = PBXGroup;
			children = (
				E99B8C5317E4ADE8003A5D60 /* Preprocessing.hpp */,
				E9C3032017DCF0C300E67695 /* Sequence.hpp */,
				E9C3031F17DCF0C300E67695 /* Sequence.cpp */,
				E91A121217DDFCA100B1F66F /* RandomisedAccess.hpp */,
				E91A121117DDFCA100B1F66F /* RandomisedAccess.cpp */,
				E91A121F17DE3C6300B1F66F /* Options.hpp */,
				E91A121E17DE3C6300B1F66F /* Options.cpp */,
				E99B8C4717DF96C0003A5D60 /* SequenceFileLoader.hpp */,
				E99B8C4617DF96C0003A5D60 /* SequenceFileLoader.cpp */,
				E92CE09E17E5A03000093A2D /* Params.hpp */,
			);
			name = Preprocessing;
			sourceTree = "<group>";
		};
		E9C3031C17DCE25B00E67695 /* Hashing */ = {
			isa = PBXGroup;
			children = (
				E99B8C5417E4BACA003A5D60 /* Hashing.hpp */,
				E99B8C4E17E4A0DA003A5D60 /* KmerOccurrence.hpp */,
				E99B8C4D17E4A0DA003A5D60 /* KmerOccurrence.cpp */,
				E99B8C5117E4A29B003A5D60 /* HashKmerOccTable.hpp */,
				E9A2AAAF17E62686005875B7 /* HashComputation.hpp */,
				E9A2AAAE17E62686005875B7 /* HashComputation.cpp */,
			);
			name = Hashing;
			sourceTree = "<group>";
		};
		E9C3031D17DCE26500E67695 /* Parameter selection */ = {
			isa = PBXGroup;
			children = (
				E962102F18BA73140033C184 /* ParameterSelection.hpp */,
				E9CFEC1C18B36CFE008F60C7 /* HistogramComputation.hpp */,
				E9CFEC1B18B36CFE008F60C7 /* HistogramComputation.cpp */,
				E9C7ACCB18B53B2C00482A8E /* ConfMatrixEstimator.hpp */,
				E9C7ACCA18B53B2C00482A8E /* ConfMatrixEstimator.cpp */,
				E94359FB196308A7009E07C8 /* Poisson.hpp */,
				E94359FC196308B4009E07C8 /* Poisson.cpp */,
			);
			name = "Parameter selection";
			sourceTree = "<group>";
		};
		E9C3031E17DCE27400E67695 /* Error correction */ = {
			isa = PBXGroup;
			children = (
				E99B8C5617E4BE9A003A5D60 /* ErrorCorrection.hpp */,
				E9F1291F18DF529200F30FFB /* SequenceRepair.hpp */,
				E9F1291E18DF529200F30FFB /* SequenceRepair.cpp */,
			);
			name = "Error correction";
			sourceTree = "<group>";
		};
		E9C7ACCF18B5467E00482A8E /* Parameter selection */ = {
			isa = PBXGroup;
			children = (
				E9C7ACD118B546F400482A8E /* HistogramComputationTests.hpp */,
				E9C7ACD018B546F400482A8E /* HistogramComputationTests.cpp */,
				E9D845B618CCEF3E0058D167 /* ToolsTests.hpp */,
				E9D845B518CCEF3E0058D167 /* ToolsTests.cpp */,
				E9435A0019630AEA009E07C8 /* PoissonTests.hpp */,
				E9435A0119630AFE009E07C8 /* PoissonTests.cpp */,
			);
			name = "Parameter selection";
			sourceTree = "<group>";
		};
		E9E0C0EE183EBBB700572EC2 /* TestSuite */ = {
			isa = PBXGroup;
			children = (
				E91D0AB51847D25E003E030C /* Preprocessing */,
				E97192E0184A8D9C00F46801 /* Hashing */,
				E9C7ACCF18B5467E00482A8E /* Parameter selection */,
				E9E7938918AA2F6D00E86090 /* Neighbours */,
				E97192DC184A265500F46801 /* Other */,
				E9E0C0EF183EBBB700572EC2 /* main.cpp */,
			);
			name = TestSuite;
			path = ../TestSuite;
			sourceTree = SOURCE_ROOT;
		};
		E9E7938918AA2F6D00E86090 /* Neighbours */ = {
			isa = PBXGroup;
			children = (
				E9E7938B18AA2FAC00E86090 /* NeighbourTableTests.hpp */,
				E9E7938A18AA2FAC00E86090 /* NeighbourTableTests.cpp */,
			);
			name = Neighbours;
			sourceTree = "<group>";
		};
/* End PBXGroup section */

/* Begin PBXNativeTarget section */
		E940C8DC18AD47DC00DB38D6 /* TestSuite-Intensive */ = {
			isa = PBXNativeTarget;
			buildConfigurationList = E940C8E318AD47DC00DB38D6 /* Build configuration list for PBXNativeTarget "TestSuite-Intensive" */;
			buildPhases = (
				E940C8D918AD47DC00DB38D6 /* Sources */,
				E940C8DA18AD47DC00DB38D6 /* Frameworks */,
				E940C8DB18AD47DC00DB38D6 /* CopyFiles */,
			);
			buildRules = (
			);
			dependencies = (
			);
			name = "TestSuite-Intensive";
			productName = "TestSuite-Intensive";
			productReference = E940C8DD18AD47DC00DB38D6 /* TestSuite-Intensive */;
			productType = "com.apple.product-type.tool";
		};
		E9C3030E17DCE21000E67695 /* Echo */ = {
			isa = PBXNativeTarget;
			buildConfigurationList = E9C3031817DCE21100E67695 /* Build configuration list for PBXNativeTarget "Echo" */;
			buildPhases = (
				E9C3030B17DCE21000E67695 /* Sources */,
				E9C3030C17DCE21000E67695 /* Frameworks */,
				E9C3030D17DCE21000E67695 /* CopyFiles */,
			);
			buildRules = (
			);
			dependencies = (
			);
			name = Echo;
			productName = EchoErrorCorrection;
			productReference = E9C3030F17DCE21000E67695 /* Echo */;
			productType = "com.apple.product-type.tool";
		};
		E9E0C0EC183EBBB700572EC2 /* TestSuite */ = {
			isa = PBXNativeTarget;
			buildConfigurationList = E9E0C0F5183EBBB700572EC2 /* Build configuration list for PBXNativeTarget "TestSuite" */;
			buildPhases = (
				E9E0C0E9183EBBB700572EC2 /* Sources */,
				E9E0C0EA183EBBB700572EC2 /* Frameworks */,
				E9E0C0EB183EBBB700572EC2 /* CopyFiles */,
			);
			buildRules = (
			);
			dependencies = (
			);
			name = TestSuite;
			productName = TestSuite;
			productReference = E9E0C0ED183EBBB700572EC2 /* TestSuite */;
			productType = "com.apple.product-type.tool";
		};
/* End PBXNativeTarget section */

/* Begin PBXProject section */
		E9C3030717DCE21000E67695 /* Project object */ = {
			isa = PBXProject;
			attributes = {
				LastUpgradeCheck = 0810;
				ORGANIZATIONNAME = "Miloš Šimek";
			};
			buildConfigurationList = E9C3030A17DCE21000E67695 /* Build configuration list for PBXProject "Echo" */;
			compatibilityVersion = "Xcode 3.2";
			developmentRegion = English;
			hasScannedForEncodings = 0;
			knownRegions = (
				en,
			);
			mainGroup = E9C3030617DCE21000E67695;
			productRefGroup = E9C3031017DCE21000E67695 /* Products */;
			projectDirPath = "";
			projectRoot = "";
			targets = (
				E9C3030E17DCE21000E67695 /* Echo */,
				E9E0C0EC183EBBB700572EC2 /* TestSuite */,
				E940C8DC18AD47DC00DB38D6 /* TestSuite-Intensive */,
			);
		};
/* End PBXProject section */

/* Begin PBXSourcesBuildPhase section */
		E940C8D918AD47DC00DB38D6 /* Sources */ = {
			isa = PBXSourcesBuildPhase;
			buildActionMask = 2147483647;
			files = (
				E940C8EB18AD482000DB38D6 /* HashComputationTests.cpp in Sources */,
				E9C353E618C4B6FB00655495 /* Tools.cpp in Sources */,
				E9F1291D18DDBF3B00F30FFB /* NeighbourFinder.cpp in Sources */,
				E940C8F018AD485200DB38D6 /* Options.cpp in Sources */,
				E940C8F618AD487800DB38D6 /* MessageLogger.cpp in Sources */,
				E940C8EC18AD482000DB38D6 /* main.cpp in Sources */,
				E940C8F318AD485C00DB38D6 /* KmerOccurrence.cpp in Sources */,
				E94359FF196308B4009E07C8 /* Poisson.cpp in Sources */,
				E9CCE15C18E1C5A80094D597 /* FastqSave.cpp in Sources */,
				E940C8F418AD486100DB38D6 /* HashComputation.cpp in Sources */,
				E940C8EE18AD484900DB38D6 /* Sequence.cpp in Sources */,
				E9F1292218DF529200F30FFB /* SequenceRepair.cpp in Sources */,
				E940C8ED18AD482000DB38D6 /* NeighbourFinderTests.cpp in Sources */,
				E9C7ACCE18B53B2C00482A8E /* ConfMatrixEstimator.cpp in Sources */,
				E940C8EF18AD484F00DB38D6 /* RandomisedAccess.cpp in Sources */,
				E9CFEC1F18B36CFE008F60C7 /* HistogramComputation.cpp in Sources */,
				E9C7ACD318B546F400482A8E /* HistogramComputationTests.cpp in Sources */,
				E940C8F118AD485600DB38D6 /* SequenceFileLoader.cpp in Sources */,
			);
			runOnlyForDeploymentPostprocessing = 0;
		};
		E9C3030B17DCE21000E67695 /* Sources */ = {
			isa = PBXSourcesBuildPhase;
			buildActionMask = 2147483647;
			files = (
				E9C3031317DCE21100E67695 /* main.cpp in Sources */,
				E94359FD196308B4009E07C8 /* Poisson.cpp in Sources */,
				E9C3032117DCF0C300E67695 /* Sequence.cpp in Sources */,
				E91A121317DDFCA100B1F66F /* RandomisedAccess.cpp in Sources */,
				E91A122017DE3C6300B1F66F /* Options.cpp in Sources */,
				E9CCE15A18E1C5A80094D597 /* FastqSave.cpp in Sources */,
				E9C353E418C4B6FB00655495 /* Tools.cpp in Sources */,
				E91A122317DE59AE00B1F66F /* MessageLogger.cpp in Sources */,
				E99B8C4817DF96C0003A5D60 /* SequenceFileLoader.cpp in Sources */,
				E9F1292018DF529200F30FFB /* SequenceRepair.cpp in Sources */,
				E9CFEC1D18B36CFE008F60C7 /* HistogramComputation.cpp in Sources */,
				E99B8C4F17E4A0DA003A5D60 /* KmerOccurrence.cpp in Sources */,
				E9A2AAB017E62686005875B7 /* HashComputation.cpp in Sources */,
				E9F1291B18DDBF3B00F30FFB /* NeighbourFinder.cpp in Sources */,
				E9C7ACCC18B53B2C00482A8E /* ConfMatrixEstimator.cpp in Sources */,
			);
			runOnlyForDeploymentPostprocessing = 0;
		};
		E9E0C0E9183EBBB700572EC2 /* Sources */ = {
			isa = PBXSourcesBuildPhase;
			buildActionMask = 2147483647;
			files = (
				E9C7ACCD18B53B2C00482A8E /* ConfMatrixEstimator.cpp in Sources */,
				E9B90B81184286C700A80974 /* Sequence.cpp in Sources */,
				E9E0C0F8183EC07A00572EC2 /* OptionsTests.cpp in Sources */,
				E9E0C0F0183EBBB700572EC2 /* main.cpp in Sources */,
				E9B90B861842D41100A80974 /* SequenceFileLoader.cpp in Sources */,
				E91D0AB81847D2C8003E030C /* SequenceFileLoaderTests.cpp in Sources */,
				E9D845B718CCEF3E0058D167 /* ToolsTests.cpp in Sources */,
				E9B90B841842D17700A80974 /* RandomisedAccessTests.cpp in Sources */,
				E9E7938C18AA2FAC00E86090 /* NeighbourTableTests.cpp in Sources */,
				E97192DF184A30E600F46801 /* DynamicArrayTests.cpp in Sources */,
				E978C801184CA5F4009A6523 /* KmerOccurrenceTests.cpp in Sources */,
				E9B90B871842D41700A80974 /* KmerOccurrence.cpp in Sources */,
				E9CCE15B18E1C5A80094D597 /* FastqSave.cpp in Sources */,
				E9B90B881842D41E00A80974 /* HashComputation.cpp in Sources */,
				E9E0C0F9183ED22C00572EC2 /* Options.cpp in Sources */,
				E9435A0219630AFE009E07C8 /* PoissonTests.cpp in Sources */,
				E9F1292118DF529200F30FFB /* SequenceRepair.cpp in Sources */,
				E9F1291C18DDBF3B00F30FFB /* NeighbourFinder.cpp in Sources */,
				E9B90B851842D3F000A80974 /* RandomisedAccess.cpp in Sources */,
				E97192E3184A8DD200F46801 /* HashKmerOccTableTests.cpp in Sources */,
				E9B90B80184285DF00A80974 /* SequenceTests.cpp in Sources */,
				E9CFEC1E18B36CFE008F60C7 /* HistogramComputation.cpp in Sources */,
				E94359FE196308B4009E07C8 /* Poisson.cpp in Sources */,
				E9C7ACD218B546F400482A8E /* HistogramComputationTests.cpp in Sources */,
				E9C353E518C4B6FB00655495 /* Tools.cpp in Sources */,
				E9E0C0FA183ED27000572EC2 /* MessageLogger.cpp in Sources */,
			);
			runOnlyForDeploymentPostprocessing = 0;
		};
/* End PBXSourcesBuildPhase section */

/* Begin XCBuildConfiguration section */
		E940C8E418AD47DC00DB38D6 /* Debug */ = {
			isa = XCBuildConfiguration;
			buildSettings = {
				CLANG_WARN_BOOL_CONVERSION = YES;
				CLANG_WARN_DIRECT_OBJC_ISA_USAGE = YES_ERROR;
				CLANG_WARN_OBJC_ROOT_CLASS = YES_ERROR;
				GCC_PREPROCESSOR_DEFINITIONS = (
					"DEBUG=1",
					"$(inherited)",
				);
				GCC_WARN_ABOUT_RETURN_TYPE = YES_ERROR;
				GCC_WARN_UNDECLARED_SELECTOR = YES;
				GCC_WARN_UNUSED_FUNCTION = YES;
				PRODUCT_NAME = "$(TARGET_NAME)";
			};
			name = Debug;
		};
		E940C8E518AD47DC00DB38D6 /* Release */ = {
			isa = XCBuildConfiguration;
			buildSettings = {
				CLANG_WARN_BOOL_CONVERSION = YES;
				CLANG_WARN_DIRECT_OBJC_ISA_USAGE = YES_ERROR;
				CLANG_WARN_OBJC_ROOT_CLASS = YES_ERROR;
				ENABLE_NS_ASSERTIONS = NO;
				GCC_WARN_ABOUT_RETURN_TYPE = YES_ERROR;
				GCC_WARN_UNDECLARED_SELECTOR = YES;
				GCC_WARN_UNUSED_FUNCTION = YES;
				PRODUCT_NAME = "$(TARGET_NAME)";
			};
			name = Release;
		};
		E9C3031617DCE21100E67695 /* Debug */ = {
			isa = XCBuildConfiguration;
			buildSettings = {
				ALWAYS_SEARCH_USER_PATHS = NO;
				CLANG_CXX_LANGUAGE_STANDARD = "gnu++0x";
				CLANG_CXX_LIBRARY = "libc++";
				CLANG_ENABLE_OBJC_ARC = YES;
				CLANG_WARN_BOOL_CONVERSION = YES;
				CLANG_WARN_CONSTANT_CONVERSION = YES;
				CLANG_WARN_EMPTY_BODY = YES;
				CLANG_WARN_ENUM_CONVERSION = YES;
				CLANG_WARN_INFINITE_RECURSION = YES;
				CLANG_WARN_INT_CONVERSION = YES;
				CLANG_WARN_SUSPICIOUS_MOVE = YES;
				CLANG_WARN_UNREACHABLE_CODE = YES;
				CLANG_WARN__DUPLICATE_METHOD_MATCH = YES;
				COPY_PHASE_STRIP = NO;
				ENABLE_STRICT_OBJC_MSGSEND = YES;
				ENABLE_TESTABILITY = YES;
				GCC_C_LANGUAGE_STANDARD = gnu99;
				GCC_DYNAMIC_NO_PIC = NO;
				GCC_ENABLE_OBJC_EXCEPTIONS = YES;
				GCC_NO_COMMON_BLOCKS = YES;
				GCC_OPTIMIZATION_LEVEL = 0;
				GCC_PREPROCESSOR_DEFINITIONS = (
					"DEBUG=1",
					"$(inherited)",
				);
				GCC_SYMBOLS_PRIVATE_EXTERN = NO;
				GCC_VERSION = "";
				GCC_WARN_64_TO_32_BIT_CONVERSION = YES;
				GCC_WARN_ABOUT_RETURN_TYPE = YES;
				GCC_WARN_UNDECLARED_SELECTOR = YES;
				GCC_WARN_UNINITIALIZED_AUTOS = YES;
				GCC_WARN_UNUSED_FUNCTION = YES;
				GCC_WARN_UNUSED_VARIABLE = YES;
				HEADER_SEARCH_PATHS = (
					"$(inherited)",
					/usr/local/include,
					/Applications/Xcode.app/Contents/Developer/Toolchains/XcodeDefault.xctoolchain/usr/include,
				);
				LIBRARY_SEARCH_PATHS = /usr/local/lib;
				MACOSX_DEPLOYMENT_TARGET = 10.9;
				ONLY_ACTIVE_ARCH = YES;
				OTHER_LDFLAGS = "-lcppunit";
				SDKROOT = macosx;
			};
			name = Debug;
		};
		E9C3031717DCE21100E67695 /* Release */ = {
			isa = XCBuildConfiguration;
			buildSettings = {
				ALWAYS_SEARCH_USER_PATHS = NO;
				CLANG_CXX_LANGUAGE_STANDARD = "gnu++0x";
				CLANG_CXX_LIBRARY = "libc++";
				CLANG_ENABLE_OBJC_ARC = YES;
				CLANG_WARN_BOOL_CONVERSION = YES;
				CLANG_WARN_CONSTANT_CONVERSION = YES;
				CLANG_WARN_EMPTY_BODY = YES;
				CLANG_WARN_ENUM_CONVERSION = YES;
				CLANG_WARN_INFINITE_RECURSION = YES;
				CLANG_WARN_INT_CONVERSION = YES;
				CLANG_WARN_SUSPICIOUS_MOVE = YES;
				CLANG_WARN_UNREACHABLE_CODE = YES;
				CLANG_WARN__DUPLICATE_METHOD_MATCH = YES;
				COPY_PHASE_STRIP = YES;
				DEBUG_INFORMATION_FORMAT = "dwarf-with-dsym";
				ENABLE_STRICT_OBJC_MSGSEND = YES;
				GCC_C_LANGUAGE_STANDARD = gnu99;
				GCC_ENABLE_OBJC_EXCEPTIONS = YES;
				GCC_NO_COMMON_BLOCKS = YES;
				GCC_VERSION = "";
				GCC_WARN_64_TO_32_BIT_CONVERSION = YES;
				GCC_WARN_ABOUT_RETURN_TYPE = YES;
				GCC_WARN_UNDECLARED_SELECTOR = YES;
				GCC_WARN_UNINITIALIZED_AUTOS = YES;
				GCC_WARN_UNUSED_FUNCTION = YES;
				GCC_WARN_UNUSED_VARIABLE = YES;
				HEADER_SEARCH_PATHS = (
					"$(inherited)",
					/usr/local/include,
					/Applications/Xcode.app/Contents/Developer/Toolchains/XcodeDefault.xctoolchain/usr/include,
				);
				LIBRARY_SEARCH_PATHS = /usr/local/lib;
				MACOSX_DEPLOYMENT_TARGET = 10.9;
				OTHER_LDFLAGS = "-lcppunit";
				SDKROOT = macosx;
			};
			name = Release;
		};
		E9C3031917DCE21100E67695 /* Debug */ = {
			isa = XCBuildConfiguration;
			buildSettings = {
				OTHER_LDFLAGS = (
					"-L/usr/local/lib",
					"-lcppunit",
				);
				PRODUCT_NAME = "$(TARGET_NAME)";
			};
			name = Debug;
		};
		E9C3031A17DCE21100E67695 /* Release */ = {
			isa = XCBuildConfiguration;
			buildSettings = {
				OTHER_LDFLAGS = (
					"-L/usr/local/lib",
					"-lcppunit",
				);
				PRODUCT_NAME = "$(TARGET_NAME)";
			};
			name = Release;
		};
		E9E0C0F3183EBBB700572EC2 /* Debug */ = {
			isa = XCBuildConfiguration;
			buildSettings = {
				CLANG_WARN_BOOL_CONVERSION = YES;
				CLANG_WARN_DIRECT_OBJC_ISA_USAGE = YES_ERROR;
				CLANG_WARN_OBJC_ROOT_CLASS = YES_ERROR;
				GCC_PREPROCESSOR_DEFINITIONS = (
					"DEBUG=1",
					"$(inherited)",
				);
				GCC_WARN_ABOUT_RETURN_TYPE = YES;
				GCC_WARN_UNDECLARED_SELECTOR = YES;
				GCC_WARN_UNUSED_FUNCTION = YES;
				PRODUCT_NAME = "$(TARGET_NAME)";
			};
			name = Debug;
		};
		E9E0C0F4183EBBB700572EC2 /* Release */ = {
			isa = XCBuildConfiguration;
			buildSettings = {
				CLANG_WARN_BOOL_CONVERSION = YES;
				CLANG_WARN_DIRECT_OBJC_ISA_USAGE = YES_ERROR;
				CLANG_WARN_OBJC_ROOT_CLASS = YES_ERROR;
				ENABLE_NS_ASSERTIONS = NO;
				GCC_WARN_ABOUT_RETURN_TYPE = YES;
				GCC_WARN_UNDECLARED_SELECTOR = YES;
				GCC_WARN_UNUSED_FUNCTION = YES;
				PRODUCT_NAME = "$(TARGET_NAME)";
			};
			name = Release;
		};
/* End XCBuildConfiguration section */

/* Begin XCConfigurationList section */
		E940C8E318AD47DC00DB38D6 /* Build configuration list for PBXNativeTarget "TestSuite-Intensive" */ = {
			isa = XCConfigurationList;
			buildConfigurations = (
				E940C8E418AD47DC00DB38D6 /* Debug */,
				E940C8E518AD47DC00DB38D6 /* Release */,
			);
			defaultConfigurationIsVisible = 0;
			defaultConfigurationName = Release;
		};
		E9C3030A17DCE21000E67695 /* Build configuration list for PBXProject "Echo" */ = {
			isa = XCConfigurationList;
			buildConfigurations = (
				E9C3031617DCE21100E67695 /* Debug */,
				E9C3031717DCE21100E67695 /* Release */,
			);
			defaultConfigurationIsVisible = 0;
			defaultConfigurationName = Release;
		};
		E9C3031817DCE21100E67695 /* Build configuration list for PBXNativeTarget "Echo" */ = {
			isa = XCConfigurationList;
			buildConfigurations = (
				E9C3031917DCE21100E67695 /* Debug */,
				E9C3031A17DCE21100E67695 /* Release */,
			);
			defaultConfigurationIsVisible = 0;
			defaultConfigurationName = Release;
		};
		E9E0C0F5183EBBB700572EC2 /* Build configuration list for PBXNativeTarget "TestSuite" */ = {
			isa = XCConfigurationList;
			buildConfigurations = (
				E9E0C0F3183EBBB700572EC2 /* Debug */,
				E9E0C0F4183EBBB700572EC2 /* Release */,
			);
			defaultConfigurationIsVisible = 0;
			defaultConfigurationName = Release;
		};
/* End XCConfigurationList section */
	};
	rootObject = E9C3030717DCE21000E67695 /* Project object */;
}
